
Microsoft Visual Studio Solution File, Format Version 12.00
# Visual Studio Version 16
VisualStudioVersion = 16.0.28922.388
MinimumVisualStudioVersion = 10.0.40219.1
Project("{2150E333-8FDC-42A3-9474-1A3956D46DE8}") = "Applications", "Applications", "{85954F80-C0F3-4C25-890D-70A976D75E83}"
EndProject
Project("{2150E333-8FDC-42A3-9474-1A3956D46DE8}") = "BackupManagement", "BackupManagement", "{078D57F9-ADB5-41EE-A4EC-0A66001A6C60}"
EndProject
Project("{9A19103F-16F7-4668-BE54-9A1E7A4F7556}") = "BackupManagement.Domain", "BackupManagement.Domain\BackupManagement.Domain.csproj", "{F184FC74-E776-42FF-BD77-0A363122A7E6}"
EndProject
Project("{9A19103F-16F7-4668-BE54-9A1E7A4F7556}") = "BackupManagement.Infrastructure", "BackupManagement.Infrastructure\BackupManagement.Infrastructure.csproj", "{A41360F2-5E34-4ECE-8120-EAE87FADD66E}"
EndProject
Project("{9A19103F-16F7-4668-BE54-9A1E7A4F7556}") = "BackupManagement.IntegrationTests", "BackupManagement.IntegrationTests\BackupManagement.IntegrationTests.csproj", "{30BFACBF-1C9C-426C-ABD0-AE6FFC2A9CC2}"
EndProject
Project("{9A19103F-16F7-4668-BE54-9A1E7A4F7556}") = "BackupManagement.UnitTests", "BackupManagement.UnitTests\BackupManagement.UnitTests.csproj", "{99763D14-880E-47D6-833F-FD82EC72DB2D}"
EndProject
Project("{2150E333-8FDC-42A3-9474-1A3956D46DE8}") = "Solution Items", "Solution Items", "{DB8460C7-8A8E-4062-B27A-E040318A6C30}"
	ProjectSection(SolutionItems) = preProject
		.gitattributes = .gitattributes
		.gitignore = .gitignore
		LICENSE = LICENSE
		README.md = README.md
	EndProjectSection
EndProject
Project("{FAE04EC0-301F-11D3-BF4B-00C04F79EFBC}") = "DaedalusBackup.API", "DaedalusBackup.API\DaedalusBackup.API.csproj", "{5070C5F3-068C-4897-B075-D7B88FE55869}"
EndProject
Global
	GlobalSection(SolutionConfigurationPlatforms) = preSolution
		Debug|Any CPU = Debug|Any CPU
		Release|Any CPU = Release|Any CPU
	EndGlobalSection
	GlobalSection(ProjectConfigurationPlatforms) = postSolution
		{F184FC74-E776-42FF-BD77-0A363122A7E6}.Debug|Any CPU.ActiveCfg = Debug|Any CPU
		{F184FC74-E776-42FF-BD77-0A363122A7E6}.Debug|Any CPU.Build.0 = Debug|Any CPU
		{F184FC74-E776-42FF-BD77-0A363122A7E6}.Release|Any CPU.ActiveCfg = Release|Any CPU
		{F184FC74-E776-42FF-BD77-0A363122A7E6}.Release|Any CPU.Build.0 = Release|Any CPU
		{A41360F2-5E34-4ECE-8120-EAE87FADD66E}.Debug|Any CPU.ActiveCfg = Debug|Any CPU
		{A41360F2-5E34-4ECE-8120-EAE87FADD66E}.Debug|Any CPU.Build.0 = Debug|Any CPU
		{A41360F2-5E34-4ECE-8120-EAE87FADD66E}.Release|Any CPU.ActiveCfg = Release|Any CPU
		{A41360F2-5E34-4ECE-8120-EAE87FADD66E}.Release|Any CPU.Build.0 = Release|Any CPU
		{30BFACBF-1C9C-426C-ABD0-AE6FFC2A9CC2}.Debug|Any CPU.ActiveCfg = Debug|Any CPU
		{30BFACBF-1C9C-426C-ABD0-AE6FFC2A9CC2}.Debug|Any CPU.Build.0 = Debug|Any CPU
		{30BFACBF-1C9C-426C-ABD0-AE6FFC2A9CC2}.Release|Any CPU.ActiveCfg = Release|Any CPU
		{30BFACBF-1C9C-426C-ABD0-AE6FFC2A9CC2}.Release|Any CPU.Build.0 = Release|Any CPU
		{99763D14-880E-47D6-833F-FD82EC72DB2D}.Debug|Any CPU.ActiveCfg = Debug|Any CPU
		{99763D14-880E-47D6-833F-FD82EC72DB2D}.Debug|Any CPU.Build.0 = Debug|Any CPU
		{99763D14-880E-47D6-833F-FD82EC72DB2D}.Release|Any CPU.ActiveCfg = Release|Any CPU
		{99763D14-880E-47D6-833F-FD82EC72DB2D}.Release|Any CPU.Build.0 = Release|Any CPU
		{5070C5F3-068C-4897-B075-D7B88FE55869}.Debug|Any CPU.ActiveCfg = Debug|Any CPU
		{5070C5F3-068C-4897-B075-D7B88FE55869}.Debug|Any CPU.Build.0 = Debug|Any CPU
		{5070C5F3-068C-4897-B075-D7B88FE55869}.Release|Any CPU.ActiveCfg = Release|Any CPU
		{5070C5F3-068C-4897-B075-D7B88FE55869}.Release|Any CPU.Build.0 = Release|Any CPU
	EndGlobalSection
	GlobalSection(SolutionProperties) = preSolution
		HideSolutionNode = FALSE
	EndGlobalSection
	GlobalSection(NestedProjects) = preSolution
		{F184FC74-E776-42FF-BD77-0A363122A7E6} = {078D57F9-ADB5-41EE-A4EC-0A66001A6C60}
		{A41360F2-5E34-4ECE-8120-EAE87FADD66E} = {078D57F9-ADB5-41EE-A4EC-0A66001A6C60}
		{30BFACBF-1C9C-426C-ABD0-AE6FFC2A9CC2} = {078D57F9-ADB5-41EE-A4EC-0A66001A6C60}
		{99763D14-880E-47D6-833F-FD82EC72DB2D} = {078D57F9-ADB5-41EE-A4EC-0A66001A6C60}
		{5070C5F3-068C-4897-B075-D7B88FE55869} = {85954F80-C0F3-4C25-890D-70A976D75E83}
	EndGlobalSection
	GlobalSection(ExtensibilityGlobals) = postSolution
		SolutionGuid = {9DC7EC97-7ED9-4C32-8710-79D5DE066BFA}
	EndGlobalSection
EndGlobal
